
Microsoft Visual Studio Solution File, Format Version 12.00
# Visual Studio Version 16
VisualStudioVersion = 16.0.29926.136
MinimumVisualStudioVersion = 10.0.40219.1
Project("{FAE04EC0-301F-11D3-BF4B-00C04F79EFBC}") = "EnvisionAGreenLife", "EnvisionAGreenLife\EnvisionAGreenLife.csproj", "{8CDFB2B0-D639-4E43-A8E5-76846E8EDAB8}"
EndProject
Global
	GlobalSection(SolutionConfigurationPlatforms) = preSolution
		Debug|Any CPU = Debug|Any CPU
		Release|Any CPU = Release|Any CPU
	EndGlobalSection
	GlobalSection(ProjectConfigurationPlatforms) = postSolution
		{8CDFB2B0-D639-4E43-A8E5-76846E8EDAB8}.Debug|Any CPU.ActiveCfg = Debug|Any CPU
		{8CDFB2B0-D639-4E43-A8E5-76846E8EDAB8}.Debug|Any CPU.Build.0 = Debug|Any CPU
		{8CDFB2B0-D639-4E43-A8E5-76846E8EDAB8}.Release|Any CPU.ActiveCfg = Release|Any CPU
		{8CDFB2B0-D639-4E43-A8E5-76846E8EDAB8}.Release|Any CPU.Build.0 = Release|Any CPU
	EndGlobalSection
	GlobalSection(SolutionProperties) = preSolution
		HideSolutionNode = FALSE
	EndGlobalSection
	GlobalSection(ExtensibilityGlobals) = postSolution
		SolutionGuid = {42AF6CE5-758F-4510-BC47-C284BED1B478}
	EndGlobalSection
EndGlobal
